
Microsoft Visual Studio Solution File, Format Version 12.00
# Visual Studio 14
VisualStudioVersion = 14.0.24720.0
MinimumVisualStudioVersion = 10.0.40219.1
Project("{FAE04EC0-301F-11D3-BF4B-00C04F79EFBC}") = "FileExplorer", "FileExplorer\FileExplorer.csproj", "{455C8EC9-4767-4769-87B1-D613A69F08FB}"
EndProject
Global
	GlobalSection(SolutionConfigurationPlatforms) = preSolution
		Debug|Any CPU = Debug|Any CPU
		Release|Any CPU = Release|Any CPU
	EndGlobalSection
	GlobalSection(ProjectConfigurationPlatforms) = postSolution
		{455C8EC9-4767-4769-87B1-D613A69F08FB}.Debug|Any CPU.ActiveCfg = Debug|Any CPU
		{455C8EC9-4767-4769-87B1-D613A69F08FB}.Debug|Any CPU.Build.0 = Debug|Any CPU
		{455C8EC9-4767-4769-87B1-D613A69F08FB}.Release|Any CPU.ActiveCfg = Release|Any CPU
		{455C8EC9-4767-4769-87B1-D613A69F08FB}.Release|Any CPU.Build.0 = Release|Any CPU
	EndGlobalSection
	GlobalSection(SolutionProperties) = preSolution
		HideSolutionNode = FALSE
	EndGlobalSection
EndGlobal
